// !$*UTF8*$!
{
	archiveVersion = 1;
	classes = {
	};
	objectVersion = 46;
	objects = {

/* Begin PBXBuildFile section */
		437A64301B544A2200E584B4 /* pills.png in Resources */ = {isa = PBXBuildFile; fileRef = 437A642F1B544A2200E584B4 /* pills.png */; };
		43C9665C1B54372300DA4065 /* AppDelegate.swift in Sources */ = {isa = PBXBuildFile; fileRef = 43C9665B1B54372300DA4065 /* AppDelegate.swift */; };
		43C966601B54372300DA4065 /* GameScene.swift in Sources */ = {isa = PBXBuildFile; fileRef = 43C9665F1B54372300DA4065 /* GameScene.swift */; };
		43C966621B54372300DA4065 /* thegame.swift in Sources */ = {isa = PBXBuildFile; fileRef = 43C966611B54372300DA4065 /* thegame.swift */; };
		43C966651B54372300DA4065 /* Main.storyboard in Resources */ = {isa = PBXBuildFile; fileRef = 43C966631B54372300DA4065 /* Main.storyboard */; };
		43C966671B54372300DA4065 /* Images.xcassets in Resources */ = {isa = PBXBuildFile; fileRef = 43C966661B54372300DA4065 /* Images.xcassets */; };
		43C9666A1B54372300DA4065 /* LaunchScreen.xib in Resources */ = {isa = PBXBuildFile; fileRef = 43C966681B54372300DA4065 /* LaunchScreen.xib */; };
		43C966761B54372300DA4065 /* gameTests.swift in Sources */ = {isa = PBXBuildFile; fileRef = 43C966751B54372300DA4065 /* gameTests.swift */; };
		9709FECA1B5604B100B6A3B3 /* GameScene.sks in Resources */ = {isa = PBXBuildFile; fileRef = 9709FEC91B5604B100B6A3B3 /* GameScene.sks */; };
		972169431B584DBF0019EDE1 /* startmenu.swift in Sources */ = {isa = PBXBuildFile; fileRef = 972169421B584DBF0019EDE1 /* startmenu.swift */; };
		972169451B584F5C0019EDE1 /* info.swift in Sources */ = {isa = PBXBuildFile; fileRef = 972169441B584F5C0019EDE1 /* info.swift */; };
		976724051B597FB400D433BF /* background.png in Resources */ = {isa = PBXBuildFile; fileRef = 976724041B597FB400D433BF /* background.png */; };
		97F543CF1B5ACB54003D0F26 /* walltop0.wav in Resources */ = {isa = PBXBuildFile; fileRef = 97F543BF1B5ACB54003D0F26 /* walltop0.wav */; };
		97F543D01B5ACB54003D0F26 /* walltop1.wav in Resources */ = {isa = PBXBuildFile; fileRef = 97F543C01B5ACB54003D0F26 /* walltop1.wav */; };
		97F543D11B5ACB54003D0F26 /* walltop2.wav in Resources */ = {isa = PBXBuildFile; fileRef = 97F543C11B5ACB54003D0F26 /* walltop2.wav */; };
		97F543D21B5ACB54003D0F26 /* walltop3.wav in Resources */ = {isa = PBXBuildFile; fileRef = 97F543C21B5ACB54003D0F26 /* walltop3.wav */; };
		97F543D31B5ACB54003D0F26 /* wallbottom0.wav in Resources */ = {isa = PBXBuildFile; fileRef = 97F543C31B5ACB54003D0F26 /* wallbottom0.wav */; };
		97F543D41B5ACB54003D0F26 /* wallbottom1.wav in Resources */ = {isa = PBXBuildFile; fileRef = 97F543C41B5ACB54003D0F26 /* wallbottom1.wav */; };
		97F543D51B5ACB54003D0F26 /* wallbottom2.wav in Resources */ = {isa = PBXBuildFile; fileRef = 97F543C51B5ACB54003D0F26 /* wallbottom2.wav */; };
		97F543D61B5ACB54003D0F26 /* wallbottom3.wav in Resources */ = {isa = PBXBuildFile; fileRef = 97F543C61B5ACB54003D0F26 /* wallbottom3.wav */; };
		97F543D71B5ACB54003D0F26 /* wallleft0.wav in Resources */ = {isa = PBXBuildFile; fileRef = 97F543C71B5ACB54003D0F26 /* wallleft0.wav */; };
		97F543D81B5ACB54003D0F26 /* wallleft1.wav in Resources */ = {isa = PBXBuildFile; fileRef = 97F543C81B5ACB54003D0F26 /* wallleft1.wav */; };
		97F543D91B5ACB54003D0F26 /* wallleft2.wav in Resources */ = {isa = PBXBuildFile; fileRef = 97F543C91B5ACB54003D0F26 /* wallleft2.wav */; };
		97F543DA1B5ACB54003D0F26 /* wallleft3.wav in Resources */ = {isa = PBXBuildFile; fileRef = 97F543CA1B5ACB54003D0F26 /* wallleft3.wav */; };
		97F543DB1B5ACB54003D0F26 /* wallright0.wav in Resources */ = {isa = PBXBuildFile; fileRef = 97F543CB1B5ACB54003D0F26 /* wallright0.wav */; };
		97F543DC1B5ACB54003D0F26 /* wallright1.wav in Resources */ = {isa = PBXBuildFile; fileRef = 97F543CC1B5ACB54003D0F26 /* wallright1.wav */; };
		97F543DD1B5ACB54003D0F26 /* wallright2.wav in Resources */ = {isa = PBXBuildFile; fileRef = 97F543CD1B5ACB54003D0F26 /* wallright2.wav */; };
		97F543DE1B5ACB54003D0F26 /* wallright3.wav in Resources */ = {isa = PBXBuildFile; fileRef = 97F543CE1B5ACB54003D0F26 /* wallright3.wav */; };
/* End PBXBuildFile section */

/* Begin PBXContainerItemProxy section */
		43C966701B54372300DA4065 /* PBXContainerItemProxy */ = {
			isa = PBXContainerItemProxy;
			containerPortal = 43C9664E1B54372300DA4065 /* Project object */;
			proxyType = 1;
			remoteGlobalIDString = 43C966551B54372300DA4065;
			remoteInfo = game;
		};
/* End PBXContainerItemProxy section */

/* Begin PBXFileReference section */
		437A642F1B544A2200E584B4 /* pills.png */ = {isa = PBXFileReference; lastKnownFileType = image.png; path = pills.png; sourceTree = "<group>"; };
		43C966561B54372300DA4065 /* game.app */ = {isa = PBXFileReference; explicitFileType = wrapper.application; includeInIndex = 0; path = game.app; sourceTree = BUILT_PRODUCTS_DIR; };
		43C9665A1B54372300DA4065 /* Info.plist */ = {isa = PBXFileReference; lastKnownFileType = text.plist.xml; path = Info.plist; sourceTree = "<group>"; };
		43C9665B1B54372300DA4065 /* AppDelegate.swift */ = {isa = PBXFileReference; lastKnownFileType = sourcecode.swift; path = AppDelegate.swift; sourceTree = "<group>"; };
		43C9665F1B54372300DA4065 /* GameScene.swift */ = {isa = PBXFileReference; fileEncoding = 4; lastKnownFileType = sourcecode.swift; path = GameScene.swift; sourceTree = "<group>"; };
		43C966611B54372300DA4065 /* thegame.swift */ = {isa = PBXFileReference; lastKnownFileType = sourcecode.swift; path = thegame.swift; sourceTree = "<group>"; };
		43C966641B54372300DA4065 /* Base */ = {isa = PBXFileReference; lastKnownFileType = file.storyboard; name = Base; path = Base.lproj/Main.storyboard; sourceTree = "<group>"; };
		43C966661B54372300DA4065 /* Images.xcassets */ = {isa = PBXFileReference; lastKnownFileType = folder.assetcatalog; path = Images.xcassets; sourceTree = "<group>"; };
		43C966691B54372300DA4065 /* Base */ = {isa = PBXFileReference; lastKnownFileType = file.xib; name = Base; path = Base.lproj/LaunchScreen.xib; sourceTree = "<group>"; };
		43C9666F1B54372300DA4065 /* gameTests.xctest */ = {isa = PBXFileReference; explicitFileType = wrapper.cfbundle; includeInIndex = 0; path = gameTests.xctest; sourceTree = BUILT_PRODUCTS_DIR; };
		43C966741B54372300DA4065 /* Info.plist */ = {isa = PBXFileReference; lastKnownFileType = text.plist.xml; path = Info.plist; sourceTree = "<group>"; };
		43C966751B54372300DA4065 /* gameTests.swift */ = {isa = PBXFileReference; lastKnownFileType = sourcecode.swift; path = gameTests.swift; sourceTree = "<group>"; };
		9709FEC91B5604B100B6A3B3 /* GameScene.sks */ = {isa = PBXFileReference; lastKnownFileType = file.sks; path = GameScene.sks; sourceTree = "<group>"; };
		972169421B584DBF0019EDE1 /* startmenu.swift */ = {isa = PBXFileReference; fileEncoding = 4; lastKnownFileType = sourcecode.swift; path = startmenu.swift; sourceTree = "<group>"; };
		972169441B584F5C0019EDE1 /* info.swift */ = {isa = PBXFileReference; fileEncoding = 4; lastKnownFileType = sourcecode.swift; path = info.swift; sourceTree = "<group>"; };
		972A5B571B5D775C00A05A11 /* AdventPro-Thin.ttf */ = {isa = PBXFileReference; lastKnownFileType = file; path = "AdventPro-Thin.ttf"; sourceTree = "<group>"; };
		976724041B597FB400D433BF /* background.png */ = {isa = PBXFileReference; lastKnownFileType = image.png; path = background.png; sourceTree = "<group>"; };
		97F543BF1B5ACB54003D0F26 /* walltop0.wav */ = {isa = PBXFileReference; lastKnownFileType = audio.wav; path = walltop0.wav; sourceTree = "<group>"; };
		97F543C01B5ACB54003D0F26 /* walltop1.wav */ = {isa = PBXFileReference; lastKnownFileType = audio.wav; path = walltop1.wav; sourceTree = "<group>"; };
		97F543C11B5ACB54003D0F26 /* walltop2.wav */ = {isa = PBXFileReference; lastKnownFileType = audio.wav; path = walltop2.wav; sourceTree = "<group>"; };
		97F543C21B5ACB54003D0F26 /* walltop3.wav */ = {isa = PBXFileReference; lastKnownFileType = audio.wav; path = walltop3.wav; sourceTree = "<group>"; };
		97F543C31B5ACB54003D0F26 /* wallbottom0.wav */ = {isa = PBXFileReference; lastKnownFileType = audio.wav; path = wallbottom0.wav; sourceTree = "<group>"; };
		97F543C41B5ACB54003D0F26 /* wallbottom1.wav */ = {isa = PBXFileReference; lastKnownFileType = audio.wav; path = wallbottom1.wav; sourceTree = "<group>"; };
		97F543C51B5ACB54003D0F26 /* wallbottom2.wav */ = {isa = PBXFileReference; lastKnownFileType = audio.wav; path = wallbottom2.wav; sourceTree = "<group>"; };
		97F543C61B5ACB54003D0F26 /* wallbottom3.wav */ = {isa = PBXFileReference; lastKnownFileType = audio.wav; path = wallbottom3.wav; sourceTree = "<group>"; };
		97F543C71B5ACB54003D0F26 /* wallleft0.wav */ = {isa = PBXFileReference; lastKnownFileType = audio.wav; path = wallleft0.wav; sourceTree = "<group>"; };
		97F543C81B5ACB54003D0F26 /* wallleft1.wav */ = {isa = PBXFileReference; lastKnownFileType = audio.wav; path = wallleft1.wav; sourceTree = "<group>"; };
		97F543C91B5ACB54003D0F26 /* wallleft2.wav */ = {isa = PBXFileReference; lastKnownFileType = audio.wav; path = wallleft2.wav; sourceTree = "<group>"; };
		97F543CA1B5ACB54003D0F26 /* wallleft3.wav */ = {isa = PBXFileReference; lastKnownFileType = audio.wav; path = wallleft3.wav; sourceTree = "<group>"; };
		97F543CB1B5ACB54003D0F26 /* wallright0.wav */ = {isa = PBXFileReference; lastKnownFileType = audio.wav; path = wallright0.wav; sourceTree = "<group>"; };
		97F543CC1B5ACB54003D0F26 /* wallright1.wav */ = {isa = PBXFileReference; lastKnownFileType = audio.wav; path = wallright1.wav; sourceTree = "<group>"; };
		97F543CD1B5ACB54003D0F26 /* wallright2.wav */ = {isa = PBXFileReference; lastKnownFileType = audio.wav; path = wallright2.wav; sourceTree = "<group>"; };
		97F543CE1B5ACB54003D0F26 /* wallright3.wav */ = {isa = PBXFileReference; lastKnownFileType = audio.wav; path = wallright3.wav; sourceTree = "<group>"; };
/* End PBXFileReference section */

/* Begin PBXFrameworksBuildPhase section */
		43C966531B54372300DA4065 /* Frameworks */ = {
			isa = PBXFrameworksBuildPhase;
			buildActionMask = 2147483647;
			files = (
			);
			runOnlyForDeploymentPostprocessing = 0;
		};
		43C9666C1B54372300DA4065 /* Frameworks */ = {
			isa = PBXFrameworksBuildPhase;
			buildActionMask = 2147483647;
			files = (
			);
			runOnlyForDeploymentPostprocessing = 0;
		};
/* End PBXFrameworksBuildPhase section */

/* Begin PBXGroup section */
		43C9664D1B54372300DA4065 = {
			isa = PBXGroup;
			children = (
				43C966581B54372300DA4065 /* game */,
				43C966721B54372300DA4065 /* gameTests */,
				43C966571B54372300DA4065 /* Products */,
			);
			sourceTree = "<group>";
		};
		43C966571B54372300DA4065 /* Products */ = {
			isa = PBXGroup;
			children = (
				43C966561B54372300DA4065 /* game.app */,
				43C9666F1B54372300DA4065 /* gameTests.xctest */,
			);
			name = Products;
			sourceTree = "<group>";
		};
		43C966581B54372300DA4065 /* game */ = {
			isa = PBXGroup;
			children = (
				43C9665B1B54372300DA4065 /* AppDelegate.swift */,
				972169421B584DBF0019EDE1 /* startmenu.swift */,
				43C9665F1B54372300DA4065 /* GameScene.swift */,
				9709FEC91B5604B100B6A3B3 /* GameScene.sks */,
				43C966611B54372300DA4065 /* thegame.swift */,
				43C966631B54372300DA4065 /* Main.storyboard */,
				43C966661B54372300DA4065 /* Images.xcassets */,
				43C966681B54372300DA4065 /* LaunchScreen.xib */,
				972169441B584F5C0019EDE1 /* info.swift */,
				43C966591B54372300DA4065 /* Supporting Files */,
			);
			path = game;
			sourceTree = "<group>";
		};
		43C966591B54372300DA4065 /* Supporting Files */ = {
			isa = PBXGroup;
			children = (
				972A5B571B5D775C00A05A11 /* AdventPro-Thin.ttf */,
				97F543BE1B5ACB54003D0F26 /* SOUNDS */,
				976724041B597FB400D433BF /* background.png */,
				437A642F1B544A2200E584B4 /* pills.png */,
				43C9665A1B54372300DA4065 /* Info.plist */,
			);
			name = "Supporting Files";
			sourceTree = "<group>";
		};
		43C966721B54372300DA4065 /* gameTests */ = {
			isa = PBXGroup;
			children = (
				43C966751B54372300DA4065 /* gameTests.swift */,
				43C966731B54372300DA4065 /* Supporting Files */,
			);
			path = gameTests;
			sourceTree = "<group>";
		};
		43C966731B54372300DA4065 /* Supporting Files */ = {
			isa = PBXGroup;
			children = (
				43C966741B54372300DA4065 /* Info.plist */,
			);
			name = "Supporting Files";
			sourceTree = "<group>";
		};
		97F543BE1B5ACB54003D0F26 /* SOUNDS */ = {
			isa = PBXGroup;
			children = (
				97F543BF1B5ACB54003D0F26 /* walltop0.wav */,
				97F543C01B5ACB54003D0F26 /* walltop1.wav */,
				97F543C11B5ACB54003D0F26 /* walltop2.wav */,
				97F543C21B5ACB54003D0F26 /* walltop3.wav */,
				97F543C31B5ACB54003D0F26 /* wallbottom0.wav */,
				97F543C41B5ACB54003D0F26 /* wallbottom1.wav */,
				97F543C51B5ACB54003D0F26 /* wallbottom2.wav */,
				97F543C61B5ACB54003D0F26 /* wallbottom3.wav */,
				97F543C71B5ACB54003D0F26 /* wallleft0.wav */,
				97F543C81B5ACB54003D0F26 /* wallleft1.wav */,
				97F543C91B5ACB54003D0F26 /* wallleft2.wav */,
				97F543CA1B5ACB54003D0F26 /* wallleft3.wav */,
				97F543CB1B5ACB54003D0F26 /* wallright0.wav */,
				97F543CC1B5ACB54003D0F26 /* wallright1.wav */,
				97F543CD1B5ACB54003D0F26 /* wallright2.wav */,
				97F543CE1B5ACB54003D0F26 /* wallright3.wav */,
			);
			path = SOUNDS;
			sourceTree = "<group>";
		};
/* End PBXGroup section */

/* Begin PBXNativeTarget section */
		43C966551B54372300DA4065 /* game */ = {
			isa = PBXNativeTarget;
			buildConfigurationList = 43C966791B54372300DA4065 /* Build configuration list for PBXNativeTarget "game" */;
			buildPhases = (
				43C966521B54372300DA4065 /* Sources */,
				43C966531B54372300DA4065 /* Frameworks */,
				43C966541B54372300DA4065 /* Resources */,
			);
			buildRules = (
			);
			dependencies = (
			);
			name = game;
			productName = game;
			productReference = 43C966561B54372300DA4065 /* game.app */;
			productType = "com.apple.product-type.application";
		};
		43C9666E1B54372300DA4065 /* gameTests */ = {
			isa = PBXNativeTarget;
			buildConfigurationList = 43C9667C1B54372300DA4065 /* Build configuration list for PBXNativeTarget "gameTests" */;
			buildPhases = (
				43C9666B1B54372300DA4065 /* Sources */,
				43C9666C1B54372300DA4065 /* Frameworks */,
				43C9666D1B54372300DA4065 /* Resources */,
			);
			buildRules = (
			);
			dependencies = (
				43C966711B54372300DA4065 /* PBXTargetDependency */,
			);
			name = gameTests;
			productName = gameTests;
			productReference = 43C9666F1B54372300DA4065 /* gameTests.xctest */;
			productType = "com.apple.product-type.bundle.unit-test";
		};
/* End PBXNativeTarget section */

/* Begin PBXProject section */
		43C9664E1B54372300DA4065 /* Project object */ = {
			isa = PBXProject;
			attributes = {
				LastUpgradeCheck = 0640;
				ORGANIZATIONNAME = com.jaroszewicz;
				TargetAttributes = {
					43C966551B54372300DA4065 = {
						CreatedOnToolsVersion = 6.4;
					};
					43C9666E1B54372300DA4065 = {
						CreatedOnToolsVersion = 6.4;
						TestTargetID = 43C966551B54372300DA4065;
					};
				};
			};
			buildConfigurationList = 43C966511B54372300DA4065 /* Build configuration list for PBXProject "game" */;
			compatibilityVersion = "Xcode 3.2";
			developmentRegion = English;
			hasScannedForEncodings = 0;
			knownRegions = (
				en,
				Base,
			);
			mainGroup = 43C9664D1B54372300DA4065;
			productRefGroup = 43C966571B54372300DA4065 /* Products */;
			projectDirPath = "";
			projectRoot = "";
			targets = (
				43C966551B54372300DA4065 /* game */,
				43C9666E1B54372300DA4065 /* gameTests */,
			);
		};
/* End PBXProject section */

/* Begin PBXResourcesBuildPhase section */
		43C966541B54372300DA4065 /* Resources */ = {
			isa = PBXResourcesBuildPhase;
			buildActionMask = 2147483647;
			files = (
				437A64301B544A2200E584B4 /* pills.png in Resources */,
				97F543DE1B5ACB54003D0F26 /* wallright3.wav in Resources */,
				97F543D41B5ACB54003D0F26 /* wallbottom1.wav in Resources */,
				97F543D61B5ACB54003D0F26 /* wallbottom3.wav in Resources */,
				97F543D21B5ACB54003D0F26 /* walltop3.wav in Resources */,
				976724051B597FB400D433BF /* background.png in Resources */,
				97F543DD1B5ACB54003D0F26 /* wallright2.wav in Resources */,
				97F543D51B5ACB54003D0F26 /* wallbottom2.wav in Resources */,
				9709FECA1B5604B100B6A3B3 /* GameScene.sks in Resources */,
				97F543DC1B5ACB54003D0F26 /* wallright1.wav in Resources */,
				97F543D81B5ACB54003D0F26 /* wallleft1.wav in Resources */,
				43C9666A1B54372300DA4065 /* LaunchScreen.xib in Resources */,
				97F543DB1B5ACB54003D0F26 /* wallright0.wav in Resources */,
				97F543CF1B5ACB54003D0F26 /* walltop0.wav in Resources */,
				97F543D31B5ACB54003D0F26 /* wallbottom0.wav in Resources */,
				97F543D91B5ACB54003D0F26 /* wallleft2.wav in Resources */,
				97F543D01B5ACB54003D0F26 /* walltop1.wav in Resources */,
				43C966671B54372300DA4065 /* Images.xcassets in Resources */,
				97F543D71B5ACB54003D0F26 /* wallleft0.wav in Resources */,
				97F543D11B5ACB54003D0F26 /* walltop2.wav in Resources */,
				97F543DA1B5ACB54003D0F26 /* wallleft3.wav in Resources */,
				43C966651B54372300DA4065 /* Main.storyboard in Resources */,
			);
			runOnlyForDeploymentPostprocessing = 0;
		};
		43C9666D1B54372300DA4065 /* Resources */ = {
			isa = PBXResourcesBuildPhase;
			buildActionMask = 2147483647;
			files = (
			);
			runOnlyForDeploymentPostprocessing = 0;
		};
/* End PBXResourcesBuildPhase section */

/* Begin PBXSourcesBuildPhase section */
		43C966521B54372300DA4065 /* Sources */ = {
			isa = PBXSourcesBuildPhase;
			buildActionMask = 2147483647;
			files = (
				972169451B584F5C0019EDE1 /* info.swift in Sources */,
				43C966601B54372300DA4065 /* GameScene.swift in Sources */,
				972169431B584DBF0019EDE1 /* startmenu.swift in Sources */,
				43C966621B54372300DA4065 /* thegame.swift in Sources */,
				43C9665C1B54372300DA4065 /* AppDelegate.swift in Sources */,
			);
			runOnlyForDeploymentPostprocessing = 0;
		};
		43C9666B1B54372300DA4065 /* Sources */ = {
			isa = PBXSourcesBuildPhase;
			buildActionMask = 2147483647;
			files = (
				43C966761B54372300DA4065 /* gameTests.swift in Sources */,
			);
			runOnlyForDeploymentPostprocessing = 0;
		};
/* End PBXSourcesBuildPhase section */

/* Begin PBXTargetDependency section */
		43C966711B54372300DA4065 /* PBXTargetDependency */ = {
			isa = PBXTargetDependency;
			target = 43C966551B54372300DA4065 /* game */;
			targetProxy = 43C966701B54372300DA4065 /* PBXContainerItemProxy */;
		};
/* End PBXTargetDependency section */

/* Begin PBXVariantGroup section */
		43C966631B54372300DA4065 /* Main.storyboard */ = {
			isa = PBXVariantGroup;
			children = (
				43C966641B54372300DA4065 /* Base */,
			);
			name = Main.storyboard;
			sourceTree = "<group>";
		};
		43C966681B54372300DA4065 /* LaunchScreen.xib */ = {
			isa = PBXVariantGroup;
			children = (
				43C966691B54372300DA4065 /* Base */,
			);
			name = LaunchScreen.xib;
			sourceTree = "<group>";
		};
/* End PBXVariantGroup section */

/* Begin XCBuildConfiguration section */
		43C966771B54372300DA4065 /* Debug */ = {
			isa = XCBuildConfiguration;
			buildSettings = {
				ALWAYS_SEARCH_USER_PATHS = NO;
				CLANG_CXX_LANGUAGE_STANDARD = "gnu++0x";
				CLANG_CXX_LIBRARY = "libc++";
				CLANG_ENABLE_MODULES = YES;
				CLANG_ENABLE_OBJC_ARC = YES;
				CLANG_WARN_BOOL_CONVERSION = YES;
				CLANG_WARN_CONSTANT_CONVERSION = YES;
				CLANG_WARN_DIRECT_OBJC_ISA_USAGE = YES_ERROR;
				CLANG_WARN_EMPTY_BODY = YES;
				CLANG_WARN_ENUM_CONVERSION = YES;
				CLANG_WARN_INT_CONVERSION = YES;
				CLANG_WARN_OBJC_ROOT_CLASS = YES_ERROR;
				CLANG_WARN_UNREACHABLE_CODE = YES;
				CLANG_WARN__DUPLICATE_METHOD_MATCH = YES;
				"CODE_SIGN_IDENTITY[sdk=iphoneos*]" = "iPhone Developer";
				COPY_PHASE_STRIP = NO;
				DEBUG_INFORMATION_FORMAT = "dwarf-with-dsym";
				ENABLE_STRICT_OBJC_MSGSEND = YES;
				GCC_C_LANGUAGE_STANDARD = gnu99;
				GCC_DYNAMIC_NO_PIC = NO;
				GCC_NO_COMMON_BLOCKS = YES;
				GCC_OPTIMIZATION_LEVEL = 0;
				GCC_PREPROCESSOR_DEFINITIONS = (
					"DEBUG=1",
					"$(inherited)",
				);
				GCC_SYMBOLS_PRIVATE_EXTERN = NO;
				GCC_WARN_64_TO_32_BIT_CONVERSION = YES;
				GCC_WARN_ABOUT_RETURN_TYPE = YES_ERROR;
				GCC_WARN_UNDECLARED_SELECTOR = YES;
				GCC_WARN_UNINITIALIZED_AUTOS = YES_AGGRESSIVE;
				GCC_WARN_UNUSED_FUNCTION = YES;
				GCC_WARN_UNUSED_VARIABLE = YES;
				IPHONEOS_DEPLOYMENT_TARGET = 8.4;
				MTL_ENABLE_DEBUG_INFO = YES;
				ONLY_ACTIVE_ARCH = YES;
				SDKROOT = iphoneos;
				SWIFT_OPTIMIZATION_LEVEL = "-Onone";
			};
			name = Debug;
		};
		43C966781B54372300DA4065 /* Release */ = {
			isa = XCBuildConfiguration;
			buildSettings = {
				ALWAYS_SEARCH_USER_PATHS = NO;
				CLANG_CXX_LANGUAGE_STANDARD = "gnu++0x";
				CLANG_CXX_LIBRARY = "libc++";
				CLANG_ENABLE_MODULES = YES;
				CLANG_ENABLE_OBJC_ARC = YES;
				CLANG_WARN_BOOL_CONVERSION = YES;
				CLANG_WARN_CONSTANT_CONVERSION = YES;
				CLANG_WARN_DIRECT_OBJC_ISA_USAGE = YES_ERROR;
				CLANG_WARN_EMPTY_BODY = YES;
				CLANG_WARN_ENUM_CONVERSION = YES;
				CLANG_WARN_INT_CONVERSION = YES;
				CLANG_WARN_OBJC_ROOT_CLASS = YES_ERROR;
				CLANG_WARN_UNREACHABLE_CODE = YES;
				CLANG_WARN__DUPLICATE_METHOD_MATCH = YES;
				"CODE_SIGN_IDENTITY[sdk=iphoneos*]" = "iPhone Developer";
				COPY_PHASE_STRIP = NO;
				DEBUG_INFORMATION_FORMAT = "dwarf-with-dsym";
				ENABLE_NS_ASSERTIONS = NO;
				ENABLE_STRICT_OBJC_MSGSEND = YES;
				GCC_C_LANGUAGE_STANDARD = gnu99;
				GCC_NO_COMMON_BLOCKS = YES;
				GCC_WARN_64_TO_32_BIT_CONVERSION = YES;
				GCC_WARN_ABOUT_RETURN_TYPE = YES_ERROR;
				GCC_WARN_UNDECLARED_SELECTOR = YES;
				GCC_WARN_UNINITIALIZED_AUTOS = YES_AGGRESSIVE;
				GCC_WARN_UNUSED_FUNCTION = YES;
				GCC_WARN_UNUSED_VARIABLE = YES;
				IPHONEOS_DEPLOYMENT_TARGET = 8.4;
				MTL_ENABLE_DEBUG_INFO = NO;
				SDKROOT = iphoneos;
				VALIDATE_PRODUCT = YES;
			};
			name = Release;
		};
		43C9667A1B54372300DA4065 /* Debug */ = {
			isa = XCBuildConfiguration;
			buildSettings = {
				ASSETCATALOG_COMPILER_APPICON_NAME = AppIcon;
				INFOPLIST_FILE = game/Info.plist;
				LD_RUNPATH_SEARCH_PATHS = "$(inherited) @executable_path/Frameworks";
				PRODUCT_NAME = game;
				TARGETED_DEVICE_FAMILY = 2;
			};
			name = Debug;
		};
		43C9667B1B54372300DA4065 /* Release */ = {
			isa = XCBuildConfiguration;
			buildSettings = {
				ASSETCATALOG_COMPILER_APPICON_NAME = AppIcon;
				INFOPLIST_FILE = game/Info.plist;
				LD_RUNPATH_SEARCH_PATHS = "$(inherited) @executable_path/Frameworks";
				PRODUCT_NAME = game;
				TARGETED_DEVICE_FAMILY = 2;
			};
			name = Release;
		};
		43C9667D1B54372300DA4065 /* Debug */ = {
			isa = XCBuildConfiguration;
			buildSettings = {
				BUNDLE_LOADER = "$(TEST_HOST)";
				FRAMEWORK_SEARCH_PATHS = (
					"$(SDKROOT)/Developer/Library/Frameworks",
					"$(inherited)",
				);
				GCC_PREPROCESSOR_DEFINITIONS = (
					"DEBUG=1",
					"$(inherited)",
				);
				INFOPLIST_FILE = gameTests/Info.plist;
				LD_RUNPATH_SEARCH_PATHS = "$(inherited) @executable_path/Frameworks @loader_path/Frameworks";
				PRODUCT_NAME = gameTests;
				TEST_HOST = "$(BUILT_PRODUCTS_DIR)/game.app/game";
			};
			name = Debug;
		};
		43C9667E1B54372300DA4065 /* Release */ = {
			isa = XCBuildConfiguration;
			buildSettings = {
				BUNDLE_LOADER = "$(TEST_HOST)";
				FRAMEWORK_SEARCH_PATHS = (
					"$(SDKROOT)/Developer/Library/Frameworks",
					"$(inherited)",
				);
				INFOPLIST_FILE = gameTests/Info.plist;
				LD_RUNPATH_SEARCH_PATHS = "$(inherited) @executable_path/Frameworks @loader_path/Frameworks";
				PRODUCT_NAME = gameTests;
				TEST_HOST = "$(BUILT_PRODUCTS_DIR)/game.app/game";
			};
			name = Release;
		};
/* End XCBuildConfiguration section */

/* Begin XCConfigurationList section */
		43C966511B54372300DA4065 /* Build configuration list for PBXProject "game" */ = {
			isa = XCConfigurationList;
			buildConfigurations = (
				43C966771B54372300DA4065 /* Debug */,
				43C966781B54372300DA4065 /* Release */,
			);
			defaultConfigurationIsVisible = 0;
			defaultConfigurationName = Release;
		};
		43C966791B54372300DA4065 /* Build configuration list for PBXNativeTarget "game" */ = {
			isa = XCConfigurationList;
			buildConfigurations = (
				43C9667A1B54372300DA4065 /* Debug */,
				43C9667B1B54372300DA4065 /* Release */,
			);
			defaultConfigurationIsVisible = 0;
			defaultConfigurationName = Release;
		};
		43C9667C1B54372300DA4065 /* Build configuration list for PBXNativeTarget "gameTests" */ = {
			isa = XCConfigurationList;
			buildConfigurations = (
				43C9667D1B54372300DA4065 /* Debug */,
				43C9667E1B54372300DA4065 /* Release */,
			);
			defaultConfigurationIsVisible = 0;
			defaultConfigurationName = Release;
		};
/* End XCConfigurationList section */
	};
	rootObject = 43C9664E1B54372300DA4065 /* Project object */;
}
